
Microsoft Visual Studio Solution File, Format Version 12.00
# Visual Studio Version 18
VisualStudioVersion = 18.4.11605.240
MinimumVisualStudioVersion = 10.0.40219.1
Project("{FAE04EC0-301F-11D3-BF4B-00C04F79EFBC}") = "DiffieHellman", "DiffieHellman.csproj", "{B2026BAD-7639-4F26-850C-E5BB711A2A83}"
EndProject
Global
	GlobalSection(SolutionConfigurationPlatforms) = preSolution
		Debug|Any CPU = Debug|Any CPU
		Debug|ARM64 = Debug|ARM64
		Debug|x64 = Debug|x64
		Release|Any CPU = Release|Any CPU
		Release|ARM64 = Release|ARM64
		Release|x64 = Release|x64
	EndGlobalSection
	GlobalSection(ProjectConfigurationPlatforms) = postSolution
		{B2026BAD-7639-4F26-850C-E5BB711A2A83}.Debug|Any CPU.ActiveCfg = Debug|Any CPU
		{B2026BAD-7639-4F26-850C-E5BB711A2A83}.Debug|Any CPU.Build.0 = Debug|Any CPU
		{B2026BAD-7639-4F26-850C-E5BB711A2A83}.Debug|ARM64.ActiveCfg = Debug|ARM64
		{B2026BAD-7639-4F26-850C-E5BB711A2A83}.Debug|ARM64.Build.0 = Debug|ARM64
		{B2026BAD-7639-4F26-850C-E5BB711A2A83}.Debug|x64.ActiveCfg = Debug|x64
		{B2026BAD-7639-4F26-850C-E5BB711A2A83}.Debug|x64.Build.0 = Debug|x64
		{B2026BAD-7639-4F26-850C-E5BB711A2A83}.Release|Any CPU.ActiveCfg = Release|Any CPU
		{B2026BAD-7639-4F26-850C-E5BB711A2A83}.Release|Any CPU.Build.0 = Release|Any CPU
		{B2026BAD-7639-4F26-850C-E5BB711A2A83}.Release|ARM64.ActiveCfg = Release|ARM64
		{B2026BAD-7639-4F26-850C-E5BB711A2A83}.Release|ARM64.Build.0 = Release|ARM64
		{B2026BAD-7639-4F26-850C-E5BB711A2A83}.Release|x64.ActiveCfg = Release|x64
		{B2026BAD-7639-4F26-850C-E5BB711A2A83}.Release|x64.Build.0 = Release|x64
	EndGlobalSection
	GlobalSection(SolutionProperties) = preSolution
		HideSolutionNode = FALSE
	EndGlobalSection
	GlobalSection(ExtensibilityGlobals) = postSolution
		SolutionGuid = {2B09B0EE-91B1-4C85-9C16-473A8AB152BA}
	EndGlobalSection
	GlobalSection(MonoDevelopProperties) = preSolution
		StartupItem = DiffieHellman.csproj
	EndGlobalSection
EndGlobal
